Microsoft Visual Studio Solution File, Format Version 12.00
# Visual Studio Version 17
VisualStudioVersion = 17.5.2.0
MinimumVisualStudioVersion = 10.0.40219.1
Project("{FAE04EC0-301F-11D3-BF4B-00C04F79EFBC}") = "bgg-api", "bgg-api.csproj", "{DD058BA1-F055-6BF1-812B-47099B6FB33B}"
EndProject
Global
	GlobalSection(SolutionConfigurationPlatforms) = preSolution
		Debug|Any CPU = Debug|Any CPU
		Release|Any CPU = Release|Any CPU
	EndGlobalSection
	GlobalSection(ProjectConfigurationPlatforms) = postSolution
		{DD058BA1-F055-6BF1-812B-47099B6FB33B}.Debug|Any CPU.ActiveCfg = Debug|Any CPU
		{DD058BA1-F055-6BF1-812B-47099B6FB33B}.Debug|Any CPU.Build.0 = Debug|Any CPU
		{DD058BA1-F055-6BF1-812B-47099B6FB33B}.Release|Any CPU.ActiveCfg = Release|Any CPU
		{DD058BA1-F055-6BF1-812B-47099B6FB33B}.Release|Any CPU.Build.0 = Release|Any CPU
	EndGlobalSection
	GlobalSection(SolutionProperties) = preSolution
		HideSolutionNode = FALSE
	EndGlobalSection
	GlobalSection(ExtensibilityGlobals) = postSolution
		SolutionGuid = {6487C182-C91B-47C4-BFAB-0795570865F4}
	EndGlobalSection
EndGlobal
